
Microsoft Visual Studio Solution File, Format Version 12.00
# Visual Studio Version 16
VisualStudioVersion = 16.0.32602.291
MinimumVisualStudioVersion = 10.0.40219.1
Project("{FAE04EC0-301F-11D3-BF4B-00C04F79EFBC}") = "Kachi", "Kachi\Kachi.csproj", "{5EDCD122-EE05-4D90-9DC5-545A492ABE80}"
EndProject
Global
	GlobalSection(SolutionConfigurationPlatforms) = preSolution
		Debug|Any CPU = Debug|Any CPU
		Release|Any CPU = Release|Any CPU
	EndGlobalSection
	GlobalSection(ProjectConfigurationPlatforms) = postSolution
		{5EDCD122-EE05-4D90-9DC5-545A492ABE80}.Debug|Any CPU.ActiveCfg = Debug|Any CPU
		{5EDCD122-EE05-4D90-9DC5-545A492ABE80}.Debug|Any CPU.Build.0 = Debug|Any CPU
		{5EDCD122-EE05-4D90-9DC5-545A492ABE80}.Debug|Any CPU.Deploy.0 = Debug|Any CPU
		{5EDCD122-EE05-4D90-9DC5-545A492ABE80}.Release|Any CPU.ActiveCfg = Release|Any CPU
		{5EDCD122-EE05-4D90-9DC5-545A492ABE80}.Release|Any CPU.Build.0 = Release|Any CPU
		{5EDCD122-EE05-4D90-9DC5-545A492ABE80}.Release|Any CPU.Deploy.0 = Release|Any CPU
	EndGlobalSection
	GlobalSection(SolutionProperties) = preSolution
		HideSolutionNode = FALSE
	EndGlobalSection
	GlobalSection(ExtensibilityGlobals) = postSolution
		SolutionGuid = {65D2EAAF-1501-419D-ADF4-92AEC4C7B4BF}
	EndGlobalSection
EndGlobal
